
Microsoft Visual Studio Solution File, Format Version 12.00
# Visual Studio Version 16
VisualStudioVersion = 16.0.30128.74
MinimumVisualStudioVersion = 10.0.40219.1
Project("{FAE04EC0-301F-11D3-BF4B-00C04F79EFBC}") = "SeleniumTests", "SeleniumTests\SeleniumTests.csproj", "{D09AE376-CB2F-4C3C-97E4-9F637AFDCDED}"
EndProject
Global
	GlobalSection(SolutionConfigurationPlatforms) = preSolution
		Debug|Any CPU = Debug|Any CPU
		Release|Any CPU = Release|Any CPU
	EndGlobalSection
	GlobalSection(ProjectConfigurationPlatforms) = postSolution
		{D09AE376-CB2F-4C3C-97E4-9F637AFDCDED}.Debug|Any CPU.ActiveCfg = Debug|Any CPU
		{D09AE376-CB2F-4C3C-97E4-9F637AFDCDED}.Debug|Any CPU.Build.0 = Debug|Any CPU
		{D09AE376-CB2F-4C3C-97E4-9F637AFDCDED}.Release|Any CPU.ActiveCfg = Release|Any CPU
		{D09AE376-CB2F-4C3C-97E4-9F637AFDCDED}.Release|Any CPU.Build.0 = Release|Any CPU
	EndGlobalSection
	GlobalSection(SolutionProperties) = preSolution
		HideSolutionNode = FALSE
	EndGlobalSection
	GlobalSection(ExtensibilityGlobals) = postSolution
		SolutionGuid = {314C2726-907C-4F84-9A03-415779DE092B}
	EndGlobalSection
EndGlobal
